{
  "name": "sam-demo-hw",
  "version": "1.0.0",
  "lockfileVersion": 1,
  "requires": true,
  "dependencies": {
    "@types/aws-lambda": {
      "version": "8.10.82",
      "resolved": "https://registry.npmjs.org/@types/aws-lambda/-/aws-lambda-8.10.82.tgz",
      "integrity": "sha512-sJo8pz8hu+OzLRAj7Do2g66zYLizWtB3kGK6K45RWmGW+S54XXMoK3sNbvzKXfndBxYiSVExHoCNiSlt2gPmxw==",
      "dev": true
    },
    "@types/node": {
      "version": "14.17.9",
      "resolved": "https://registry.npmjs.org/@types/node/-/node-14.17.9.tgz",
      "integrity": "sha512-CMjgRNsks27IDwI785YMY0KLt3co/c0cQ5foxHYv/shC2w8oOnVwz5Ubq1QG5KzrcW+AXk6gzdnxIkDnTvzu3g==",
      "dev": true
    },
    "@vercel/ncc": {
      "version": "0.27.0",
      "resolved": "https://registry.npmjs.org/@vercel/ncc/-/ncc-0.27.0.tgz",
      "integrity": "sha512-DllIJQapnU2YwewIhh/4dYesmMQw3h2cFtabECc/zSJHqUbNa0eJuEkRa6DXbZvh1YPWBtYQoPV17NlDpBw1Vw==",
      "dev": true
    }
  }
}
